{
  "originHash" : "aa05aef38fad8a866baed30aa709510cc01614526f8966d1961e2155e6a2bee3",
  "pins" : [
    {
      "identity" : "leitnerswift",
      "kind" : "remoteSourceControl",
      "location" : "https://github.com/mfsaglam/LeitnerSwift",
      "state" : {
        "revision" : "f0dd7d56e07d7a80743be20fcc715d8c71c5e23f",
        "version" : "1.3.7"
      }
    },
    {
      "identity" : "realm-core",
      "kind" : "remoteSourceControl",
      "location" : "https://github.com/realm/realm-core.git",
      "state" : {
        "revision" : "85eeca41654cc9070ad81a21a4b1d153ad467c33",
        "version" : "14.13.1"
      }
    },
    {
      "identity" : "realm-swift",
      "kind" : "remoteSourceControl",
      "location" : "https://github.com/realm/realm-swift",
      "state" : {
        "branch" : "master",
        "revision" : "2f7bd406b1893b820134fa231797ba5f00fb6c4a"
      }
    }
  ],
  "version" : 3
}
